// !$*UTF8*$!
{
	archiveVersion = 1;
	classes = {
	};
	objectVersion = 56;
	objects = {

/* Begin PBXBuildFile section */
		69C8FE4C28D8BA1000B577C1 /* AppDelegate.swift in Sources */ = {isa = PBXBuildFile; fileRef = 69C8FE4B28D8BA1000B577C1 /* AppDelegate.swift */; };
		69C8FE4E28D8BA1000B577C1 /* SceneDelegate.swift in Sources */ = {isa = PBXBuildFile; fileRef = 69C8FE4D28D8BA1000B577C1 /* SceneDelegate.swift */; };
		69C8FE5028D8BA1000B577C1 /* ViewController.swift in Sources */ = {isa = PBXBuildFile; fileRef = 69C8FE4F28D8BA1000B577C1 /* ViewController.swift */; };
		69C8FE5328D8BA1000B577C1 /* Main.storyboard in Resources */ = {isa = PBXBuildFile; fileRef = 69C8FE5128D8BA1000B577C1 /* Main.storyboard */; };
		69C8FE5528D8BA1400B577C1 /* Assets.xcassets in Resources */ = {isa = PBXBuildFile; fileRef = 69C8FE5428D8BA1400B577C1 /* Assets.xcassets */; };
		69C8FE5828D8BA1400B577C1 /* LaunchScreen.storyboard in Resources */ = {isa = PBXBuildFile; fileRef = 69C8FE5628D8BA1400B577C1 /* LaunchScreen.storyboard */; };
		69C8FE6528D8BA7B00B577C1 /* Telegram.swift in Sources */ = {isa = PBXBuildFile; fileRef = 69C8FE6428D8BA7B00B577C1 /* Telegram.swift */; };
/* End PBXBuildFile section */

/* Begin PBXFileReference section */
		69C8FE4828D8BA1000B577C1 /* TelegramApi.app */ = {isa = PBXFileReference; explicitFileType = wrapper.application; includeInIndex = 0; path = TelegramApi.app; sourceTree = BUILT_PRODUCTS_DIR; };
		69C8FE4B28D8BA1000B577C1 /* AppDelegate.swift */ = {isa = PBXFileReference; lastKnownFileType = sourcecode.swift; path = AppDelegate.swift; sourceTree = "<group>"; };
		69C8FE4D28D8BA1000B577C1 /* SceneDelegate.swift */ = {isa = PBXFileReference; lastKnownFileType = sourcecode.swift; path = SceneDelegate.swift; sourceTree = "<group>"; };
		69C8FE4F28D8BA1000B577C1 /* ViewController.swift */ = {isa = PBXFileReference; lastKnownFileType = sourcecode.swift; path = ViewController.swift; sourceTree = "<group>"; };
		69C8FE5228D8BA1000B577C1 /* Base */ = {isa = PBXFileReference; lastKnownFileType = file.storyboard; name = Base; path = Base.lproj/Main.storyboard; sourceTree = "<group>"; };
		69C8FE5428D8BA1400B577C1 /* Assets.xcassets */ = {isa = PBXFileReference; lastKnownFileType = folder.assetcatalog; path = Assets.xcassets; sourceTree = "<group>"; };
		69C8FE5728D8BA1400B577C1 /* Base */ = {isa = PBXFileReference; lastKnownFileType = file.storyboard; name = Base; path = Base.lproj/LaunchScreen.storyboard; sourceTree = "<group>"; };
		69C8FE5928D8BA1400B577C1 /* Info.plist */ = {isa = PBXFileReference; lastKnownFileType = text.plist.xml; path = Info.plist; sourceTree = "<group>"; };
		69C8FE6428D8BA7B00B577C1 /* Telegram.swift */ = {isa = PBXFileReference; lastKnownFileType = sourcecode.swift; path = Telegram.swift; sourceTree = "<group>"; };
/* End PBXFileReference section */

/* Begin PBXFrameworksBuildPhase section */
		69C8FE4528D8BA1000B577C1 /* Frameworks */ = {
			isa = PBXFrameworksBuildPhase;
			buildActionMask = 2147483647;
			files = (
			);
			runOnlyForDeploymentPostprocessing = 0;
		};
/* End PBXFrameworksBuildPhase section */

/* Begin PBXGroup section */
		69C8FE3F28D8BA1000B577C1 = {
			isa = PBXGroup;
			children = (
				69C8FE4A28D8BA1000B577C1 /* TelegramApi */,
				69C8FE4928D8BA1000B577C1 /* Products */,
			);
			sourceTree = "<group>";
		};
		69C8FE4928D8BA1000B577C1 /* Products */ = {
			isa = PBXGroup;
			children = (
				69C8FE4828D8BA1000B577C1 /* TelegramApi.app */,
			);
			name = Products;
			sourceTree = "<group>";
		};
		69C8FE4A28D8BA1000B577C1 /* TelegramApi */ = {
			isa = PBXGroup;
			children = (
				69C8FE6328D8BA5A00B577C1 /* Models */,
				69C8FE6228D8BA4D00B577C1 /* Resources */,
				69C8FE6128D8BA3E00B577C1 /* Storyboards */,
				69C8FE6028D8BA2E00B577C1 /* ViewControllers */,
				69C8FE5F28D8BA1D00B577C1 /* ServiceFiles */,
				69C8FE5928D8BA1400B577C1 /* Info.plist */,
			);
			path = TelegramApi;
			sourceTree = "<group>";
		};
		69C8FE5F28D8BA1D00B577C1 /* ServiceFiles */ = {
			isa = PBXGroup;
			children = (
				69C8FE4B28D8BA1000B577C1 /* AppDelegate.swift */,
				69C8FE4D28D8BA1000B577C1 /* SceneDelegate.swift */,
			);
			path = ServiceFiles;
			sourceTree = "<group>";
		};
		69C8FE6028D8BA2E00B577C1 /* ViewControllers */ = {
			isa = PBXGroup;
			children = (
				69C8FE4F28D8BA1000B577C1 /* ViewController.swift */,
			);
			path = ViewControllers;
			sourceTree = "<group>";
		};
		69C8FE6128D8BA3E00B577C1 /* Storyboards */ = {
			isa = PBXGroup;
			children = (
				69C8FE5628D8BA1400B577C1 /* LaunchScreen.storyboard */,
				69C8FE5128D8BA1000B577C1 /* Main.storyboard */,
			);
			path = Storyboards;
			sourceTree = "<group>";
		};
		69C8FE6228D8BA4D00B577C1 /* Resources */ = {
			isa = PBXGroup;
			children = (
				69C8FE5428D8BA1400B577C1 /* Assets.xcassets */,
			);
			path = Resources;
			sourceTree = "<group>";
		};
		69C8FE6328D8BA5A00B577C1 /* Models */ = {
			isa = PBXGroup;
			children = (
				69C8FE6428D8BA7B00B577C1 /* Telegram.swift */,
			);
			path = Models;
			sourceTree = "<group>";
		};
/* End PBXGroup section */

/* Begin PBXNativeTarget section */
		69C8FE4728D8BA1000B577C1 /* TelegramApi */ = {
			isa = PBXNativeTarget;
			buildConfigurationList = 69C8FE5C28D8BA1400B577C1 /* Build configuration list for PBXNativeTarget "TelegramApi" */;
			buildPhases = (
				69C8FE4428D8BA1000B577C1 /* Sources */,
				69C8FE4528D8BA1000B577C1 /* Frameworks */,
				69C8FE4628D8BA1000B577C1 /* Resources */,
			);
			buildRules = (
			);
			dependencies = (
			);
			name = TelegramApi;
			productName = TelegramApi;
			productReference = 69C8FE4828D8BA1000B577C1 /* TelegramApi.app */;
			productType = "com.apple.product-type.application";
		};
/* End PBXNativeTarget section */

/* Begin PBXProject section */
		69C8FE4028D8BA1000B577C1 /* Project object */ = {
			isa = PBXProject;
			attributes = {
				BuildIndependentTargetsInParallel = 1;
				LastSwiftUpdateCheck = 1400;
				LastUpgradeCheck = 1400;
				TargetAttributes = {
					69C8FE4728D8BA1000B577C1 = {
						CreatedOnToolsVersion = 14.0;
					};
				};
			};
			buildConfigurationList = 69C8FE4328D8BA1000B577C1 /* Build configuration list for PBXProject "TelegramApi" */;
			compatibilityVersion = "Xcode 14.0";
			developmentRegion = en;
			hasScannedForEncodings = 0;
			knownRegions = (
				en,
				Base,
			);
			mainGroup = 69C8FE3F28D8BA1000B577C1;
			productRefGroup = 69C8FE4928D8BA1000B577C1 /* Products */;
			projectDirPath = "";
			projectRoot = "";
			targets = (
				69C8FE4728D8BA1000B577C1 /* TelegramApi */,
			);
		};
/* End PBXProject section */

/* Begin PBXResourcesBuildPhase section */
		69C8FE4628D8BA1000B577C1 /* Resources */ = {
			isa = PBXResourcesBuildPhase;
			buildActionMask = 2147483647;
			files = (
				69C8FE5828D8BA1400B577C1 /* LaunchScreen.storyboard in Resources */,
				69C8FE5528D8BA1400B577C1 /* Assets.xcassets in Resources */,
				69C8FE5328D8BA1000B577C1 /* Main.storyboard in Resources */,
			);
			runOnlyForDeploymentPostprocessing = 0;
		};
/* End PBXResourcesBuildPhase section */

/* Begin PBXSourcesBuildPhase section */
		69C8FE4428D8BA1000B577C1 /* Sources */ = {
			isa = PBXSourcesBuildPhase;
			buildActionMask = 2147483647;
			files = (
				69C8FE5028D8BA1000B577C1 /* ViewController.swift in Sources */,
				69C8FE4C28D8BA1000B577C1 /* AppDelegate.swift in Sources */,
				69C8FE6528D8BA7B00B577C1 /* Telegram.swift in Sources */,
				69C8FE4E28D8BA1000B577C1 /* SceneDelegate.swift in Sources */,
			);
			runOnlyForDeploymentPostprocessing = 0;
		};
/* End PBXSourcesBuildPhase section */

/* Begin PBXVariantGroup section */
		69C8FE5128D8BA1000B577C1 /* Main.storyboard */ = {
			isa = PBXVariantGroup;
			children = (
				69C8FE5228D8BA1000B577C1 /* Base */,
			);
			name = Main.storyboard;
			sourceTree = "<group>";
		};
		69C8FE5628D8BA1400B577C1 /* LaunchScreen.storyboard */ = {
			isa = PBXVariantGroup;
			children = (
				69C8FE5728D8BA1400B577C1 /* Base */,
			);
			name = LaunchScreen.storyboard;
			sourceTree = "<group>";
		};
/* End PBXVariantGroup section */

/* Begin XCBuildConfiguration section */
		69C8FE5A28D8BA1400B577C1 /* Debug */ = {
			isa = XCBuildConfiguration;
			buildSettings = {
				ALWAYS_SEARCH_USER_PATHS = NO;
				CLANG_ANALYZER_NONNULL = YES;
				CLANG_ANALYZER_NUMBER_OBJECT_CONVERSION = YES_AGGRESSIVE;
				CLANG_CXX_LANGUAGE_STANDARD = "gnu++20";
				CLANG_ENABLE_MODULES = YES;
				CLANG_ENABLE_OBJC_ARC = YES;
				CLANG_ENABLE_OBJC_WEAK = YES;
				CLANG_WARN_BLOCK_CAPTURE_AUTORELEASING = YES;
				CLANG_WARN_BOOL_CONVERSION = YES;
				CLANG_WARN_COMMA = YES;
				CLANG_WARN_CONSTANT_CONVERSION = YES;
				CLANG_WARN_DEPRECATED_OBJC_IMPLEMENTATIONS = YES;
				CLANG_WARN_DIRECT_OBJC_ISA_USAGE = YES_ERROR;
				CLANG_WARN_DOCUMENTATION_COMMENTS = YES;
				CLANG_WARN_EMPTY_BODY = YES;
				CLANG_WARN_ENUM_CONVERSION = YES;
				CLANG_WARN_INFINITE_RECURSION = YES;
				CLANG_WARN_INT_CONVERSION = YES;
				CLANG_WARN_NON_LITERAL_NULL_CONVERSION = YES;
				CLANG_WARN_OBJC_IMPLICIT_RETAIN_SELF = YES;
				CLANG_WARN_OBJC_LITERAL_CONVERSION = YES;
				CLANG_WARN_OBJC_ROOT_CLASS = YES_ERROR;
				CLANG_WARN_QUOTED_INCLUDE_IN_FRAMEWORK_HEADER = YES;
				CLANG_WARN_RANGE_LOOP_ANALYSIS = YES;
				CLANG_WARN_STRICT_PROTOTYPES = YES;
				CLANG_WARN_SUSPICIOUS_MOVE = YES;
				CLANG_WARN_UNGUARDED_AVAILABILITY = YES_AGGRESSIVE;
				CLANG_WARN_UNREACHABLE_CODE = YES;
				CLANG_WARN__DUPLICATE_METHOD_MATCH = YES;
				COPY_PHASE_STRIP = NO;
				DEBUG_INFORMATION_FORMAT = dwarf;
				ENABLE_STRICT_OBJC_MSGSEND = YES;
				ENABLE_TESTABILITY = YES;
				GCC_C_LANGUAGE_STANDARD = gnu11;
				GCC_DYNAMIC_NO_PIC = NO;
				GCC_NO_COMMON_BLOCKS = YES;
				GCC_OPTIMIZATION_LEVEL = 0;
				GCC_PREPROCESSOR_DEFINITIONS = (
					"DEBUG=1",
					"$(inherited)",
				);
				GCC_WARN_64_TO_32_BIT_CONVERSION = YES;
				GCC_WARN_ABOUT_RETURN_TYPE = YES_ERROR;
				GCC_WARN_UNDECLARED_SELECTOR = YES;
				GCC_WARN_UNINITIALIZED_AUTOS = YES_AGGRESSIVE;
				GCC_WARN_UNUSED_FUNCTION = YES;
				GCC_WARN_UNUSED_VARIABLE = YES;
				IPHONEOS_DEPLOYMENT_TARGET = 16.0;
				MTL_ENABLE_DEBUG_INFO = INCLUDE_SOURCE;
				MTL_FAST_MATH = YES;
				ONLY_ACTIVE_ARCH = YES;
				SDKROOT = iphoneos;
				SWIFT_ACTIVE_COMPILATION_CONDITIONS = DEBUG;
				SWIFT_OPTIMIZATION_LEVEL = "-Onone";
			};
			name = Debug;
		};
		69C8FE5B28D8BA1400B577C1 /* Release */ = {
			isa = XCBuildConfiguration;
			buildSettings = {
				ALWAYS_SEARCH_USER_PATHS = NO;
				CLANG_ANALYZER_NONNULL = YES;
				CLANG_ANALYZER_NUMBER_OBJECT_CONVERSION = YES_AGGRESSIVE;
				CLANG_CXX_LANGUAGE_STANDARD = "gnu++20";
				CLANG_ENABLE_MODULES = YES;
				CLANG_ENABLE_OBJC_ARC = YES;
				CLANG_ENABLE_OBJC_WEAK = YES;
				CLANG_WARN_BLOCK_CAPTURE_AUTORELEASING = YES;
				CLANG_WARN_BOOL_CONVERSION = YES;
				CLANG_WARN_COMMA = YES;
				CLANG_WARN_CONSTANT_CONVERSION = YES;
				CLANG_WARN_DEPRECATED_OBJC_IMPLEMENTATIONS = YES;
				CLANG_WARN_DIRECT_OBJC_ISA_USAGE = YES_ERROR;
				CLANG_WARN_DOCUMENTATION_COMMENTS = YES;
				CLANG_WARN_EMPTY_BODY = YES;
				CLANG_WARN_ENUM_CONVERSION = YES;
				CLANG_WARN_INFINITE_RECURSION = YES;
				CLANG_WARN_INT_CONVERSION = YES;
				CLANG_WARN_NON_LITERAL_NULL_CONVERSION = YES;
				CLANG_WARN_OBJC_IMPLICIT_RETAIN_SELF = YES;
				CLANG_WARN_OBJC_LITERAL_CONVERSION = YES;
				CLANG_WARN_OBJC_ROOT_CLASS = YES_ERROR;
				CLANG_WARN_QUOTED_INCLUDE_IN_FRAMEWORK_HEADER = YES;
				CLANG_WARN_RANGE_LOOP_ANALYSIS = YES;
				CLANG_WARN_STRICT_PROTOTYPES = YES;
				CLANG_WARN_SUSPICIOUS_MOVE = YES;
				CLANG_WARN_UNGUARDED_AVAILABILITY = YES_AGGRESSIVE;
				CLANG_WARN_UNREACHABLE_CODE = YES;
				CLANG_WARN__DUPLICATE_METHOD_MATCH = YES;
				COPY_PHASE_STRIP = NO;
				DEBUG_INFORMATION_FORMAT = "dwarf-with-dsym";
				ENABLE_NS_ASSERTIONS = NO;
				ENABLE_STRICT_OBJC_MSGSEND = YES;
				GCC_C_LANGUAGE_STANDARD = gnu11;
				GCC_NO_COMMON_BLOCKS = YES;
				GCC_WARN_64_TO_32_BIT_CONVERSION = YES;
				GCC_WARN_ABOUT_RETURN_TYPE = YES_ERROR;
				GCC_WARN_UNDECLARED_SELECTOR = YES;
				GCC_WARN_UNINITIALIZED_AUTOS = YES_AGGRESSIVE;
				GCC_WARN_UNUSED_FUNCTION = YES;
				GCC_WARN_UNUSED_VARIABLE = YES;
				IPHONEOS_DEPLOYMENT_TARGET = 16.0;
				MTL_ENABLE_DEBUG_INFO = NO;
				MTL_FAST_MATH = YES;
				SDKROOT = iphoneos;
				SWIFT_COMPILATION_MODE = wholemodule;
				SWIFT_OPTIMIZATION_LEVEL = "-O";
				VALIDATE_PRODUCT = YES;
			};
			name = Release;
		};
		69C8FE5D28D8BA1400B577C1 /* Debug */ = {
			isa = XCBuildConfiguration;
			buildSettings = {
				ASSETCATALOG_COMPILER_APPICON_NAME = AppIcon;
				ASSETCATALOG_COMPILER_GLOBAL_ACCENT_COLOR_NAME = AccentColor;
				CODE_SIGN_STYLE = Automatic;
				CURRENT_PROJECT_VERSION = 1;
				GENERATE_INFOPLIST_FILE = YES;
				INFOPLIST_FILE = TelegramApi/Info.plist;
				INFOPLIST_KEY_UIApplicationSupportsIndirectInputEvents = YES;
				INFOPLIST_KEY_UILaunchStoryboardName = LaunchScreen;
				INFOPLIST_KEY_UIMainStoryboardFile = Main;
				INFOPLIST_KEY_UISupportedInterfaceOrientations_iPad = "UIInterfaceOrientationPortrait UIInterfaceOrientationPortraitUpsideDown UIInterfaceOrientationLandscapeLeft UIInterfaceOrientationLandscapeRight";
				INFOPLIST_KEY_UISupportedInterfaceOrientations_iPhone = "UIInterfaceOrientationPortrait UIInterfaceOrientationLandscapeLeft UIInterfaceOrientationLandscapeRight";
				LD_RUNPATH_SEARCH_PATHS = (
					"$(inherited)",
					"@executable_path/Frameworks",
				);
				MARKETING_VERSION = 1.0;
				PRODUCT_BUNDLE_IDENTIFIER = ru.OSIIOSdev.TelegramApi;
				PRODUCT_NAME = "$(TARGET_NAME)";
				SWIFT_EMIT_LOC_STRINGS = YES;
				SWIFT_VERSION = 5.0;
				TARGETED_DEVICE_FAMILY = "1,2";
			};
			name = Debug;
		};
		69C8FE5E28D8BA1400B577C1 /* Release */ = {
			isa = XCBuildConfiguration;
			buildSettings = {
				ASSETCATALOG_COMPILER_APPICON_NAME = AppIcon;
				ASSETCATALOG_COMPILER_GLOBAL_ACCENT_COLOR_NAME = AccentColor;
				CODE_SIGN_STYLE = Automatic;
				CURRENT_PROJECT_VERSION = 1;
				GENERATE_INFOPLIST_FILE = YES;
				INFOPLIST_FILE = TelegramApi/Info.plist;
				INFOPLIST_KEY_UIApplicationSupportsIndirectInputEvents = YES;
				INFOPLIST_KEY_UILaunchStoryboardName = LaunchScreen;
				INFOPLIST_KEY_UIMainStoryboardFile = Main;
				INFOPLIST_KEY_UISupportedInterfaceOrientations_iPad = "UIInterfaceOrientationPortrait UIInterfaceOrientationPortraitUpsideDown UIInterfaceOrientationLandscapeLeft UIInterfaceOrientationLandscapeRight";
				INFOPLIST_KEY_UISupportedInterfaceOrientations_iPhone = "UIInterfaceOrientationPortrait UIInterfaceOrientationLandscapeLeft UIInterfaceOrientationLandscapeRight";
				LD_RUNPATH_SEARCH_PATHS = (
					"$(inherited)",
					"@executable_path/Frameworks",
				);
				MARKETING_VERSION = 1.0;
				PRODUCT_BUNDLE_IDENTIFIER = ru.OSIIOSdev.TelegramApi;
				PRODUCT_NAME = "$(TARGET_NAME)";
				SWIFT_EMIT_LOC_STRINGS = YES;
				SWIFT_VERSION = 5.0;
				TARGETED_DEVICE_FAMILY = "1,2";
			};
			name = Release;
		};
/* End XCBuildConfiguration section */

/* Begin XCConfigurationList section */
		69C8FE4328D8BA1000B577C1 /* Build configuration list for PBXProject "TelegramApi" */ = {
			isa = XCConfigurationList;
			buildConfigurations = (
				69C8FE5A28D8BA1400B577C1 /* Debug */,
				69C8FE5B28D8BA1400B577C1 /* Release */,
			);
			defaultConfigurationIsVisible = 0;
			defaultConfigurationName = Release;
		};
		69C8FE5C28D8BA1400B577C1 /* Build configuration list for PBXNativeTarget "TelegramApi" */ = {
			isa = XCConfigurationList;
			buildConfigurations = (
				69C8FE5D28D8BA1400B577C1 /* Debug */,
				69C8FE5E28D8BA1400B577C1 /* Release */,
			);
			defaultConfigurationIsVisible = 0;
			defaultConfigurationName = Release;
		};
/* End XCConfigurationList section */
	};
	rootObject = 69C8FE4028D8BA1000B577C1 /* Project object */;
}
